
Microsoft Visual Studio Solution File, Format Version 12.00
# Visual Studio Version 17
VisualStudioVersion = 17.8.34316.72
MinimumVisualStudioVersion = 10.0.40219.1
Project("{FAE04EC0-301F-11D3-BF4B-00C04F79EFBC}") = "RecipeBook", "RecipeBook\RecipeBook.csproj", "{461F3E61-D3D8-43F1-BBAD-61DC760B87AF}"
EndProject
Project("{FAE04EC0-301F-11D3-BF4B-00C04F79EFBC}") = "RecipeBook.DAL", "RecipeBook.DAL\RecipeBook.DAL.csproj", "{FA5121EA-0E17-44C3-9889-8F001D7529E5}"
EndProject
Global
	GlobalSection(SolutionConfigurationPlatforms) = preSolution
		Debug|Any CPU = Debug|Any CPU
		Release|Any CPU = Release|Any CPU
	EndGlobalSection
	GlobalSection(ProjectConfigurationPlatforms) = postSolution
		{461F3E61-D3D8-43F1-BBAD-61DC760B87AF}.Debug|Any CPU.ActiveCfg = Debug|Any CPU
		{461F3E61-D3D8-43F1-BBAD-61DC760B87AF}.Debug|Any CPU.Build.0 = Debug|Any CPU
		{461F3E61-D3D8-43F1-BBAD-61DC760B87AF}.Release|Any CPU.ActiveCfg = Release|Any CPU
		{461F3E61-D3D8-43F1-BBAD-61DC760B87AF}.Release|Any CPU.Build.0 = Release|Any CPU
		{FA5121EA-0E17-44C3-9889-8F001D7529E5}.Debug|Any CPU.ActiveCfg = Debug|Any CPU
		{FA5121EA-0E17-44C3-9889-8F001D7529E5}.Debug|Any CPU.Build.0 = Debug|Any CPU
		{FA5121EA-0E17-44C3-9889-8F001D7529E5}.Release|Any CPU.ActiveCfg = Release|Any CPU
		{FA5121EA-0E17-44C3-9889-8F001D7529E5}.Release|Any CPU.Build.0 = Release|Any CPU
	EndGlobalSection
	GlobalSection(SolutionProperties) = preSolution
		HideSolutionNode = FALSE
	EndGlobalSection
	GlobalSection(ExtensibilityGlobals) = postSolution
		SolutionGuid = {867812FA-A61F-42F9-AB9C-9EBF22880673}
	EndGlobalSection
EndGlobal
